
Microsoft Visual Studio Solution File, Format Version 12.00
# Visual Studio Version 17
VisualStudioVersion = 17.5.33530.505
MinimumVisualStudioVersion = 10.0.40219.1
Project("{FAE04EC0-301F-11D3-BF4B-00C04F79EFBC}") = "SmartBackup23", "SmartBackup23\SmartBackup23.csproj", "{4524DD93-D68B-48C2-AC20-4C628E7269B1}"
EndProject
Global
	GlobalSection(SolutionConfigurationPlatforms) = preSolution
		Debug|Any CPU = Debug|Any CPU
		Release|Any CPU = Release|Any CPU
	EndGlobalSection
	GlobalSection(ProjectConfigurationPlatforms) = postSolution
		{4524DD93-D68B-48C2-AC20-4C628E7269B1}.Debug|Any CPU.ActiveCfg = Debug|Any CPU
		{4524DD93-D68B-48C2-AC20-4C628E7269B1}.Debug|Any CPU.Build.0 = Debug|Any CPU
		{4524DD93-D68B-48C2-AC20-4C628E7269B1}.Release|Any CPU.ActiveCfg = Release|Any CPU
		{4524DD93-D68B-48C2-AC20-4C628E7269B1}.Release|Any CPU.Build.0 = Release|Any CPU
	EndGlobalSection
	GlobalSection(SolutionProperties) = preSolution
		HideSolutionNode = FALSE
	EndGlobalSection
	GlobalSection(ExtensibilityGlobals) = postSolution
		SolutionGuid = {E54291DE-602C-47DC-ABD5-2503C587CF82}
	EndGlobalSection
EndGlobal
